{"format_version":"1.0","terraform_version":"1.1.4","variables":{"bucket_name":{"value":"staticweb04"},"tags":{"value":{"Environment":"dev","Terraform":"true"}}},"planned_values":{"outputs":{"arn":{"sensitive":false},"bucketname":{"sensitive":false},"endpoint":{"sensitive":false}},"root_module":{"resources":[{"address":"aws_s3_bucket.staticweb","mode":"managed","type":"aws_s3_bucket","name":"staticweb","provider_name":"registry.terraform.io/hashicorp/aws","schema_version":0,"values":{"acl":"public-read","bucket":"staticweb04","bucket_prefix":null,"cors_rule":[],"force_destroy":true,"grant":[],"lifecycle_rule":[],"logging":[],"policy":"  {\r\n  \"Version\": \"2012-10-17\",\r\n  \"Statement\": [\r\n      {\r\n          \"Sid\": \"PublicReadGetObject\",\r\n          \"Effect\": \"Allow\",\r\n          \"Principal\": \"*\",\r\n          \"Action\": [\r\n              \"s3:GetObject\"\r\n          ],\r\n          \"Resource\": [\r\n              \"arn:aws:s3:::staticweb04/*\"\r\n          ]\r\n      }\r\n  ]\r\n} \r\n","replication_configuration":[],"server_side_encryption_configuration":[],"tags":{"Environment":"dev","Terraform":"true"},"tags_all":{"Environment":"dev","Terraform":"true"},"website":[{"error_document":"error.html","index_document":"index.html","redirect_all_requests_to":null,"routing_rules":null}]},"sensitive_values":{"cors_rule":[],"grant":[],"lifecycle_rule":[],"logging":[],"object_lock_configuration":[],"replication_configuration":[],"server_side_encryption_configuration":[],"tags":{},"tags_all":{},"versioning":[],"website":[{}]}}]}},"resource_changes":[{"address":"aws_s3_bucket.staticweb","mode":"managed","type":"aws_s3_bucket","name":"staticweb","provider_name":"registry.terraform.io/hashicorp/aws","change":{"actions":["create"],"before":null,"after":{"acl":"public-read","bucket":"staticweb04","bucket_prefix":null,"cors_rule":[],"force_destroy":true,"grant":[],"lifecycle_rule":[],"logging":[],"policy":"  {\r\n  \"Version\": \"2012-10-17\",\r\n  \"Statement\": [\r\n      {\r\n          \"Sid\": \"PublicReadGetObject\",\r\n          \"Effect\": \"Allow\",\r\n          \"Principal\": \"*\",\r\n          \"Action\": [\r\n              \"s3:GetObject\"\r\n          ],\r\n          \"Resource\": [\r\n              \"arn:aws:s3:::staticweb04/*\"\r\n          ]\r\n      }\r\n  ]\r\n} \r\n","replication_configuration":[],"server_side_encryption_configuration":[],"tags":{"Environment":"dev","Terraform":"true"},"tags_all":{"Environment":"dev","Terraform":"true"},"website":[{"error_document":"error.html","index_document":"index.html","redirect_all_requests_to":null,"routing_rules":null}]},"after_unknown":{"acceleration_status":true,"arn":true,"bucket_domain_name":true,"bucket_regional_domain_name":true,"cors_rule":[],"grant":[],"hosted_zone_id":true,"id":true,"lifecycle_rule":[],"logging":[],"object_lock_configuration":true,"object_lock_enabled":true,"region":true,"replication_configuration":[],"request_payer":true,"server_side_encryption_configuration":[],"tags":{},"tags_all":{},"versioning":true,"website":[{}],"website_domain":true,"website_endpoint":true},"before_sensitive":false,"after_sensitive":{"cors_rule":[],"grant":[],"lifecycle_rule":[],"logging":[],"object_lock_configuration":[],"replication_configuration":[],"server_side_encryption_configuration":[],"tags":{},"tags_all":{},"versioning":[],"website":[{}]}}}],"output_changes":{"arn":{"actions":["create"],"before":null,"after_unknown":true,"before_sensitive":false,"after_sensitive":false},"bucketname":{"actions":["create"],"before":null,"after_unknown":true,"before_sensitive":false,"after_sensitive":false},"endpoint":{"actions":["create"],"before":null,"after_unknown":true,"before_sensitive":false,"after_sensitive":false}},"configuration":{"provider_config":{"aws":{"name":"aws","version_constraint":"~\u003e 3.0","expressions":{"profile":{"constant_value":"mahesh"},"region":{"constant_value":"ap-south-1"}}}},"root_module":{"outputs":{"arn":{"expression":{"references":["aws_s3_bucket.staticweb.arn","aws_s3_bucket.staticweb"]},"description":"ARN of S3 bucket"},"bucketname":{"expression":{"references":["aws_s3_bucket.staticweb.id","aws_s3_bucket.staticweb"]},"description":"s3 bucket name"},"endpoint":{"expression":{"references":["aws_s3_bucket.staticweb.website_endpoint","aws_s3_bucket.staticweb"]},"description":"S3 bucket endpoint"}},"resources":[{"address":"aws_s3_bucket.staticweb","mode":"managed","type":"aws_s3_bucket","name":"staticweb","provider_config_key":"aws","expressions":{"acl":{"constant_value":"public-read"},"bucket":{"references":["var.bucket_name"]},"force_destroy":{"constant_value":true},"policy":{"references":["var.bucket_name"]},"tags":{"references":["var.tags"]},"website":[{"error_document":{"constant_value":"error.html"},"index_document":{"constant_value":"index.html"}}]},"schema_version":0}],"variables":{"bucket_name":{"description":"Name of s3 bucket"},"tags":{"default":{},"description":"Tags to set bucket"}}}}}
